{
  "name": "ML_FaceMesh",
  "lockfileVersion": 3,
  "requires": true,
  "packages": {
    "": {
      "dependencies": {
        "@tensorflow-models/facemesh": "^0.0.5",
        "@tensorflow/tfjs": "^4.2.0",
        "react-webcam": "^7.0.1"
      }
    },
    "node_modules/@tensorflow-models/blazeface": {
      "version": "0.0.5",
      "license": "Apache-2.0",
      "peerDependencies": {
        "@tensorflow/tfjs-converter": "^1.5.2",
        "@tensorflow/tfjs-core": "^1.5.2"
      }
    },
    "node_modules/@tensorflow-models/facemesh": {
      "version": "0.0.5",
      "resolved": "https://registry.npmjs.org/@tensorflow-models/facemesh/-/facemesh-0.0.5.tgz",
      "integrity": "sha512-5zn3QxZfMEkUEXDQ1fqjKxK63WpwikwH/SuZpGiNkRjgronkbmCqc/UsLfAPrJjxqcyfRoO+u5fUuqhKe1wyTw==",
      "deprecated": "This package has been archived in favor of @tensorflow-models/face-landmarks-detection and will no longer be updated. Please refer to @tensorflow-models/face-landmarks-detection for future updates.",
      "dependencies": {
        "@tensorflow-models/blazeface": "0.0.5",
        "rimraf": "^3.0.2"
      },
      "peerDependencies": {
        "@tensorflow/tfjs-converter": "^2.1.0",
        "@tensorflow/tfjs-core": "^2.1.0"
      }
    },
    "node_modules/@tensorflow/tfjs": {
      "version": "4.2.0",
      "resolved": "https://registry.npmjs.org/@tensorflow/tfjs/-/tfjs-4.2.0.tgz",
      "integrity": "sha512-iZmtyGC9IJkx+TpFnkgDol8BHv2BU3zJ01HyNcuvnm1w1EqoNe+1n8bwvLzI/sxHMcHTqzuu7VugMaphryxE+A==",
      "dependencies": {
        "@tensorflow/tfjs-backend-cpu": "4.2.0",
        "@tensorflow/tfjs-backend-webgl": "4.2.0",
        "@tensorflow/tfjs-converter": "4.2.0",
        "@tensorflow/tfjs-core": "4.2.0",
        "@tensorflow/tfjs-data": "4.2.0",
        "@tensorflow/tfjs-layers": "4.2.0",
        "argparse": "^1.0.10",
        "chalk": "^4.1.0",
        "core-js": "3",
        "regenerator-runtime": "^0.13.5",
        "yargs": "^16.0.3"
      },
      "bin": {
        "tfjs-custom-module": "dist/tools/custom_module/cli.js"
      }
    },
    "node_modules/@tensorflow/tfjs-converter": {
      "version": "2.8.6",
      "license": "Apache-2.0",
      "peer": true,
      "peerDependencies": {
        "@tensorflow/tfjs-core": "2.8.6"
      }
    },
    "node_modules/@tensorflow/tfjs-core": {
      "version": "2.8.6",
      "resolved": "https://registry.npmjs.org/@tensorflow/tfjs-core/-/tfjs-core-2.8.6.tgz",
      "integrity": "sha512-jS28M1POUOjnWgx3jp1v5D45DUQE8USsAHHkL/01z75KnYCAAmgqJSH4YKLiYACg3eBLWXH/KTcSc6dHAX7Kfg==",
      "peer": true,
      "dependencies": {
        "@types/offscreencanvas": "~2019.3.0",
        "@types/seedrandom": "2.4.27",
        "@types/webgl-ext": "0.0.30",
        "node-fetch": "~2.6.1",
        "seedrandom": "2.4.3"
      },
      "engines": {
        "yarn": ">= 1.3.2"
      }
    },
    "node_modules/@tensorflow/tfjs-core/node_modules/seedrandom": {
      "version": "2.4.3",
      "resolved": "https://registry.npmjs.org/seedrandom/-/seedrandom-2.4.3.tgz",
      "integrity": "sha512-2CkZ9Wn2dS4mMUWQaXLsOAfGD+irMlLEeSP3cMxpGbgyOOzJGFa+MWCOMTOCMyZinHRPxyOj/S/C57li/1to6Q==",
      "peer": true
    },
    "node_modules/@tensorflow/tfjs/node_modules/@tensorflow/tfjs-backend-cpu": {
      "version": "4.2.0",
      "license": "Apache-2.0",
      "dependencies": {
        "@types/seedrandom": "^2.4.28",
        "seedrandom": "^3.0.5"
      },
      "engines": {
        "yarn": ">= 1.3.2"
      },
      "peerDependencies": {
        "@tensorflow/tfjs-core": "4.2.0"
      }
    },
    "node_modules/@tensorflow/tfjs/node_modules/@tensorflow/tfjs-backend-webgl": {
      "version": "4.2.0",
      "resolved": "https://registry.npmjs.org/@tensorflow/tfjs-backend-webgl/-/tfjs-backend-webgl-4.2.0.tgz",
      "integrity": "sha512-Qvf+hD5pSh+xi48kChSGzcDKJemkc4EKfoVVjuxl4k25ZUPwuEd7zZUAtinkLu1dzgHNyvePZY8k+9rVm59HJA==",
      "dependencies": {
        "@tensorflow/tfjs-backend-cpu": "4.2.0",
        "@types/offscreencanvas": "~2019.3.0",
        "@types/seedrandom": "^2.4.28",
        "@types/webgl-ext": "0.0.30",
        "seedrandom": "^3.0.5"
      },
      "engines": {
        "yarn": ">= 1.3.2"
      },
      "peerDependencies": {
        "@tensorflow/tfjs-core": "4.2.0"
      }
    },
    "node_modules/@tensorflow/tfjs/node_modules/@tensorflow/tfjs-converter": {
      "version": "4.2.0",
      "license": "Apache-2.0",
      "peerDependencies": {
        "@tensorflow/tfjs-core": "4.2.0"
      }
    },
    "node_modules/@tensorflow/tfjs/node_modules/@tensorflow/tfjs-core": {
      "version": "4.2.0",
      "resolved": "https://registry.npmjs.org/@tensorflow/tfjs-core/-/tfjs-core-4.2.0.tgz",
      "integrity": "sha512-uuHkiWVC8b00ngFbHvAV7J7haRlN/9PEdeenCi0CzBjgKd7aN25wPWaoN0TSQcU+GT4FJ8mofMZ9VBYZ/s/WLg==",
      "dependencies": {
        "@types/long": "^4.0.1",
        "@types/offscreencanvas": "~2019.7.0",
        "@types/seedrandom": "^2.4.28",
        "@types/webgl-ext": "0.0.30",
        "@webgpu/types": "0.1.21",
        "long": "4.0.0",
        "node-fetch": "~2.6.1",
        "seedrandom": "^3.0.5"
      },
      "engines": {
        "yarn": ">= 1.3.2"
      }
    },
    "node_modules/@tensorflow/tfjs/node_modules/@tensorflow/tfjs-core/node_modules/@types/offscreencanvas": {
      "version": "2019.7.0",
      "resolved": "https://registry.npmjs.org/@types/offscreencanvas/-/offscreencanvas-2019.7.0.tgz",
      "integrity": "sha512-PGcyveRIpL1XIqK8eBsmRBt76eFgtzuPiSTyKHZxnGemp2yzGzWpjYKAfK3wIMiU7eH+851yEpiuP8JZerTmWg=="
    },
    "node_modules/@tensorflow/tfjs/node_modules/@tensorflow/tfjs-data": {
      "version": "4.2.0",
      "license": "Apache-2.0",
      "dependencies": {
        "@types/node-fetch": "^2.1.2",
        "node-fetch": "~2.6.1",
        "string_decoder": "^1.3.0"
      },
      "peerDependencies": {
        "@tensorflow/tfjs-core": "4.2.0",
        "seedrandom": "^3.0.5"
      }
    },
    "node_modules/@tensorflow/tfjs/node_modules/@tensorflow/tfjs-layers": {
      "version": "4.2.0",
      "license": "Apache-2.0 AND MIT",
      "peerDependencies": {
        "@tensorflow/tfjs-core": "4.2.0"
      }
    },
    "node_modules/@tensorflow/tfjs/node_modules/@types/seedrandom": {
      "version": "2.4.30",
      "license": "MIT"
    },
    "node_modules/@types/long": {
      "version": "4.0.2",
      "license": "MIT"
    },
    "node_modules/@types/node": {
      "version": "18.14.2",
      "license": "MIT"
    },
    "node_modules/@types/node-fetch": {
      "version": "2.6.2",
      "license": "MIT",
      "dependencies": {
        "@types/node": "*",
        "form-data": "^3.0.0"
      }
    },
    "node_modules/@types/offscreencanvas": {
      "version": "2019.3.0",
      "license": "MIT"
    },
    "node_modules/@types/seedrandom": {
      "version": "2.4.27",
      "license": "MIT",
      "peer": true
    },
    "node_modules/@types/webgl-ext": {
      "version": "0.0.30",
      "license": "MIT"
    },
    "node_modules/@webgpu/types": {
      "version": "0.1.21",
      "license": "BSD-3-Clause"
    },
    "node_modules/ansi-regex": {
      "version": "5.0.1",
      "license": "MIT",
      "engines": {
        "node": ">=8"
      }
    },
    "node_modules/ansi-styles": {
      "version": "4.3.0",
      "license": "MIT",
      "dependencies": {
        "color-convert": "^2.0.1"
      },
      "engines": {
        "node": ">=8"
      },
      "funding": {
        "url": "https://github.com/chalk/ansi-styles?sponsor=1"
      }
    },
    "node_modules/argparse": {
      "version": "1.0.10",
      "license": "MIT",
      "dependencies": {
        "sprintf-js": "~1.0.2"
      }
    },
    "node_modules/asynckit": {
      "version": "0.4.0",
      "license": "MIT"
    },
    "node_modules/balanced-match": {
      "version": "1.0.2",
      "license": "MIT"
    },
    "node_modules/brace-expansion": {
      "version": "1.1.11",
      "license": "MIT",
      "dependencies": {
        "balanced-match": "^1.0.0",
        "concat-map": "0.0.1"
      }
    },
    "node_modules/chalk": {
      "version": "4.1.2",
      "license": "MIT",
      "dependencies": {
        "ansi-styles": "^4.1.0",
        "supports-color": "^7.1.0"
      },
      "engines": {
        "node": ">=10"
      },
      "funding": {
        "url": "https://github.com/chalk/chalk?sponsor=1"
      }
    },
    "node_modules/cliui": {
      "version": "7.0.4",
      "license": "ISC",
      "dependencies": {
        "string-width": "^4.2.0",
        "strip-ansi": "^6.0.0",
        "wrap-ansi": "^7.0.0"
      }
    },
    "node_modules/color-convert": {
      "version": "2.0.1",
      "license": "MIT",
      "dependencies": {
        "color-name": "~1.1.4"
      },
      "engines": {
        "node": ">=7.0.0"
      }
    },
    "node_modules/color-name": {
      "version": "1.1.4",
      "license": "MIT"
    },
    "node_modules/combined-stream": {
      "version": "1.0.8",
      "license": "MIT",
      "dependencies": {
        "delayed-stream": "~1.0.0"
      },
      "engines": {
        "node": ">= 0.8"
      }
    },
    "node_modules/concat-map": {
      "version": "0.0.1",
      "license": "MIT"
    },
    "node_modules/core-js": {
      "version": "3.29.0",
      "resolved": "https://registry.npmjs.org/core-js/-/core-js-3.29.0.tgz",
      "integrity": "sha512-VG23vuEisJNkGl6XQmFJd3rEG/so/CNatqeE+7uZAwTSwFeB/qaO0be8xZYUNWprJ/GIwL8aMt9cj1kvbpTZhg==",
      "hasInstallScript": true,
      "funding": {
        "type": "opencollective",
        "url": "https://opencollective.com/core-js"
      }
    },
    "node_modules/delayed-stream": {
      "version": "1.0.0",
      "license": "MIT",
      "engines": {
        "node": ">=0.4.0"
      }
    },
    "node_modules/emoji-regex": {
      "version": "8.0.0",
      "license": "MIT"
    },
    "node_modules/escalade": {
      "version": "3.1.1",
      "license": "MIT",
      "engines": {
        "node": ">=6"
      }
    },
    "node_modules/form-data": {
      "version": "3.0.1",
      "license": "MIT",
      "dependencies": {
        "asynckit": "^0.4.0",
        "combined-stream": "^1.0.8",
        "mime-types": "^2.1.12"
      },
      "engines": {
        "node": ">= 6"
      }
    },
    "node_modules/fs.realpath": {
      "version": "1.0.0",
      "license": "ISC"
    },
    "node_modules/get-caller-file": {
      "version": "2.0.5",
      "license": "ISC",
      "engines": {
        "node": "6.* || 8.* || >= 10.*"
      }
    },
    "node_modules/glob": {
      "version": "7.2.3",
      "license": "ISC",
      "dependencies": {
        "fs.realpath": "^1.0.0",
        "inflight": "^1.0.4",
        "inherits": "2",
        "minimatch": "^3.1.1",
        "once": "^1.3.0",
        "path-is-absolute": "^1.0.0"
      },
      "engines": {
        "node": "*"
      },
      "funding": {
        "url": "https://github.com/sponsors/isaacs"
      }
    },
    "node_modules/has-flag": {
      "version": "4.0.0",
      "license": "MIT",
      "engines": {
        "node": ">=8"
      }
    },
    "node_modules/inflight": {
      "version": "1.0.6",
      "license": "ISC",
      "dependencies": {
        "once": "^1.3.0",
        "wrappy": "1"
      }
    },
    "node_modules/inherits": {
      "version": "2.0.4",
      "license": "ISC"
    },
    "node_modules/is-fullwidth-code-point": {
      "version": "3.0.0",
      "license": "MIT",
      "engines": {
        "node": ">=8"
      }
    },
    "node_modules/js-tokens": {
      "version": "4.0.0",
      "license": "MIT",
      "peer": true
    },
    "node_modules/long": {
      "version": "4.0.0",
      "license": "Apache-2.0"
    },
    "node_modules/loose-envify": {
      "version": "1.4.0",
      "license": "MIT",
      "peer": true,
      "dependencies": {
        "js-tokens": "^3.0.0 || ^4.0.0"
      },
      "bin": {
        "loose-envify": "cli.js"
      }
    },
    "node_modules/mime-db": {
      "version": "1.52.0",
      "license": "MIT",
      "engines": {
        "node": ">= 0.6"
      }
    },
    "node_modules/mime-types": {
      "version": "2.1.35",
      "license": "MIT",
      "dependencies": {
        "mime-db": "1.52.0"
      },
      "engines": {
        "node": ">= 0.6"
      }
    },
    "node_modules/minimatch": {
      "version": "3.1.2",
      "license": "ISC",
      "dependencies": {
        "brace-expansion": "^1.1.7"
      },
      "engines": {
        "node": "*"
      }
    },
    "node_modules/node-fetch": {
      "version": "2.6.9",
      "license": "MIT",
      "dependencies": {
        "whatwg-url": "^5.0.0"
      },
      "engines": {
        "node": "4.x || >=6.0.0"
      },
      "peerDependencies": {
        "encoding": "^0.1.0"
      },
      "peerDependenciesMeta": {
        "encoding": {
          "optional": true
        }
      }
    },
    "node_modules/once": {
      "version": "1.4.0",
      "license": "ISC",
      "dependencies": {
        "wrappy": "1"
      }
    },
    "node_modules/path-is-absolute": {
      "version": "1.0.1",
      "license": "MIT",
      "engines": {
        "node": ">=0.10.0"
      }
    },
    "node_modules/react": {
      "version": "18.2.0",
      "license": "MIT",
      "peer": true,
      "dependencies": {
        "loose-envify": "^1.1.0"
      },
      "engines": {
        "node": ">=0.10.0"
      }
    },
    "node_modules/react-dom": {
      "version": "18.2.0",
      "license": "MIT",
      "peer": true,
      "dependencies": {
        "loose-envify": "^1.1.0",
        "scheduler": "^0.23.0"
      },
      "peerDependencies": {
        "react": "^18.2.0"
      }
    },
    "node_modules/react-webcam": {
      "version": "7.0.1",
      "resolved": "https://registry.npmjs.org/react-webcam/-/react-webcam-7.0.1.tgz",
      "integrity": "sha512-8E/Eb/7ksKwn5QdLn67tOR7+TdP9BZdu6E5/DSt20v8yfW/s0VGBigE6VA7R4278mBuBUowovAB3DkCfVmSPvA==",
      "peerDependencies": {
        "react": ">=16.2.0",
        "react-dom": ">=16.2.0"
      }
    },
    "node_modules/regenerator-runtime": {
      "version": "0.13.11",
      "license": "MIT"
    },
    "node_modules/require-directory": {
      "version": "2.1.1",
      "license": "MIT",
      "engines": {
        "node": ">=0.10.0"
      }
    },
    "node_modules/rimraf": {
      "version": "3.0.2",
      "license": "ISC",
      "dependencies": {
        "glob": "^7.1.3"
      },
      "bin": {
        "rimraf": "bin.js"
      },
      "funding": {
        "url": "https://github.com/sponsors/isaacs"
      }
    },
    "node_modules/safe-buffer": {
      "version": "5.2.1",
      "funding": [
        {
          "type": "github",
          "url": "https://github.com/sponsors/feross"
        },
        {
          "type": "patreon",
          "url": "https://www.patreon.com/feross"
        },
        {
          "type": "consulting",
          "url": "https://feross.org/support"
        }
      ],
      "license": "MIT"
    },
    "node_modules/scheduler": {
      "version": "0.23.0",
      "license": "MIT",
      "peer": true,
      "dependencies": {
        "loose-envify": "^1.1.0"
      }
    },
    "node_modules/seedrandom": {
      "version": "3.0.5",
      "license": "MIT"
    },
    "node_modules/sprintf-js": {
      "version": "1.0.3",
      "license": "BSD-3-Clause"
    },
    "node_modules/string_decoder": {
      "version": "1.3.0",
      "license": "MIT",
      "dependencies": {
        "safe-buffer": "~5.2.0"
      }
    },
    "node_modules/string-width": {
      "version": "4.2.3",
      "license": "MIT",
      "dependencies": {
        "emoji-regex": "^8.0.0",
        "is-fullwidth-code-point": "^3.0.0",
        "strip-ansi": "^6.0.1"
      },
      "engines": {
        "node": ">=8"
      }
    },
    "node_modules/strip-ansi": {
      "version": "6.0.1",
      "license": "MIT",
      "dependencies": {
        "ansi-regex": "^5.0.1"
      },
      "engines": {
        "node": ">=8"
      }
    },
    "node_modules/supports-color": {
      "version": "7.2.0",
      "license": "MIT",
      "dependencies": {
        "has-flag": "^4.0.0"
      },
      "engines": {
        "node": ">=8"
      }
    },
    "node_modules/tr46": {
      "version": "0.0.3",
      "license": "MIT"
    },
    "node_modules/webidl-conversions": {
      "version": "3.0.1",
      "license": "BSD-2-Clause"
    },
    "node_modules/whatwg-url": {
      "version": "5.0.0",
      "license": "MIT",
      "dependencies": {
        "tr46": "~0.0.3",
        "webidl-conversions": "^3.0.0"
      }
    },
    "node_modules/wrap-ansi": {
      "version": "7.0.0",
      "license": "MIT",
      "dependencies": {
        "ansi-styles": "^4.0.0",
        "string-width": "^4.1.0",
        "strip-ansi": "^6.0.0"
      },
      "engines": {
        "node": ">=10"
      },
      "funding": {
        "url": "https://github.com/chalk/wrap-ansi?sponsor=1"
      }
    },
    "node_modules/wrappy": {
      "version": "1.0.2",
      "license": "ISC"
    },
    "node_modules/y18n": {
      "version": "5.0.8",
      "license": "ISC",
      "engines": {
        "node": ">=10"
      }
    },
    "node_modules/yargs": {
      "version": "16.2.0",
      "license": "MIT",
      "dependencies": {
        "cliui": "^7.0.2",
        "escalade": "^3.1.1",
        "get-caller-file": "^2.0.5",
        "require-directory": "^2.1.1",
        "string-width": "^4.2.0",
        "y18n": "^5.0.5",
        "yargs-parser": "^20.2.2"
      },
      "engines": {
        "node": ">=10"
      }
    },
    "node_modules/yargs-parser": {
      "version": "20.2.9",
      "license": "ISC",
      "engines": {
        "node": ">=10"
      }
    }
  }
}
